
Microsoft Visual Studio Solution File, Format Version 12.00
# Visual Studio Version 16
VisualStudioVersion = 16.0.29306.81
MinimumVisualStudioVersion = 10.0.40219.1
Project("{FAE04EC0-301F-11D3-BF4B-00C04F79EFBC}") = "SvgVsPngWebApplication", "SvgVsPngWebApplication\SvgVsPngWebApplication.csproj", "{A325B4F6-FDCC-4FFC-B069-19B70ED50956}"
EndProject
Project("{FAE04EC0-301F-11D3-BF4B-00C04F79EFBC}") = "ConsolePngToSvg", "ConsolePngToSvg\ConsolePngToSvg.csproj", "{ACD4B7D6-4F0A-4A6B-B03A-61FBA516DC7F}"
EndProject
Global
	GlobalSection(SolutionConfigurationPlatforms) = preSolution
		Debug|Any CPU = Debug|Any CPU
		Release|Any CPU = Release|Any CPU
	EndGlobalSection
	GlobalSection(ProjectConfigurationPlatforms) = postSolution
		{A325B4F6-FDCC-4FFC-B069-19B70ED50956}.Debug|Any CPU.ActiveCfg = Debug|Any CPU
		{A325B4F6-FDCC-4FFC-B069-19B70ED50956}.Debug|Any CPU.Build.0 = Debug|Any CPU
		{A325B4F6-FDCC-4FFC-B069-19B70ED50956}.Release|Any CPU.ActiveCfg = Release|Any CPU
		{A325B4F6-FDCC-4FFC-B069-19B70ED50956}.Release|Any CPU.Build.0 = Release|Any CPU
		{ACD4B7D6-4F0A-4A6B-B03A-61FBA516DC7F}.Debug|Any CPU.ActiveCfg = Debug|Any CPU
		{ACD4B7D6-4F0A-4A6B-B03A-61FBA516DC7F}.Debug|Any CPU.Build.0 = Debug|Any CPU
		{ACD4B7D6-4F0A-4A6B-B03A-61FBA516DC7F}.Release|Any CPU.ActiveCfg = Release|Any CPU
		{ACD4B7D6-4F0A-4A6B-B03A-61FBA516DC7F}.Release|Any CPU.Build.0 = Release|Any CPU
	EndGlobalSection
	GlobalSection(SolutionProperties) = preSolution
		HideSolutionNode = FALSE
	EndGlobalSection
	GlobalSection(ExtensibilityGlobals) = postSolution
		SolutionGuid = {31C8F8C8-0C61-47B1-86DE-01CEF2B9AAF8}
	EndGlobalSection
EndGlobal
